
Microsoft Visual Studio Solution File, Format Version 12.00
# Visual Studio Version 16
VisualStudioVersion = 16.0.32126.315
MinimumVisualStudioVersion = 10.0.40219.1
Project("{8BC9CEB8-8B4A-11D0-8D11-00A0C91BC942}") = "logika 4", "logika 4\logika 4.vcxproj", "{DB9A0E95-66BD-4E41-AF8D-8E0F672FE601}"
EndProject
Global
	GlobalSection(SolutionConfigurationPlatforms) = preSolution
		Debug|x64 = Debug|x64
		Debug|x86 = Debug|x86
		Release|x64 = Release|x64
		Release|x86 = Release|x86
	EndGlobalSection
	GlobalSection(ProjectConfigurationPlatforms) = postSolution
		{DB9A0E95-66BD-4E41-AF8D-8E0F672FE601}.Debug|x64.ActiveCfg = Debug|x64
		{DB9A0E95-66BD-4E41-AF8D-8E0F672FE601}.Debug|x64.Build.0 = Debug|x64
		{DB9A0E95-66BD-4E41-AF8D-8E0F672FE601}.Debug|x86.ActiveCfg = Debug|Win32
		{DB9A0E95-66BD-4E41-AF8D-8E0F672FE601}.Debug|x86.Build.0 = Debug|Win32
		{DB9A0E95-66BD-4E41-AF8D-8E0F672FE601}.Release|x64.ActiveCfg = Release|x64
		{DB9A0E95-66BD-4E41-AF8D-8E0F672FE601}.Release|x64.Build.0 = Release|x64
		{DB9A0E95-66BD-4E41-AF8D-8E0F672FE601}.Release|x86.ActiveCfg = Release|Win32
		{DB9A0E95-66BD-4E41-AF8D-8E0F672FE601}.Release|x86.Build.0 = Release|Win32
	EndGlobalSection
	GlobalSection(SolutionProperties) = preSolution
		HideSolutionNode = FALSE
	EndGlobalSection
	GlobalSection(ExtensibilityGlobals) = postSolution
		SolutionGuid = {619C34AB-31EB-45DB-B80F-4323C7718C20}
	EndGlobalSection
EndGlobal
